
Microsoft Visual Studio Solution File, Format Version 12.00
# Visual Studio Express 2013 for Windows Desktop
VisualStudioVersion = 12.0.30110.0
MinimumVisualStudioVersion = 10.0.40219.1
Project("{8BC9CEB8-8B4A-11D0-8D11-00A0C91BC942}") = "TestLua", "TestLua\TestLua.vcxproj", "{FAA28E97-0885-45D9-A3AA-4810818BD874}"
EndProject
Global
	GlobalSection(SolutionConfigurationPlatforms) = preSolution
		Debug|Win32 = Debug|Win32
		Release|Win32 = Release|Win32
	EndGlobalSection
	GlobalSection(ProjectConfigurationPlatforms) = postSolution
		{FAA28E97-0885-45D9-A3AA-4810818BD874}.Debug|Win32.ActiveCfg = Debug|Win32
		{FAA28E97-0885-45D9-A3AA-4810818BD874}.Debug|Win32.Build.0 = Debug|Win32
		{FAA28E97-0885-45D9-A3AA-4810818BD874}.Release|Win32.ActiveCfg = Release|Win32
		{FAA28E97-0885-45D9-A3AA-4810818BD874}.Release|Win32.Build.0 = Release|Win32
	EndGlobalSection
	GlobalSection(SolutionProperties) = preSolution
		HideSolutionNode = FALSE
	EndGlobalSection
EndGlobal
